// !$*UTF8*$!
{
	archiveVersion = 1;
	classes = {
	};
	objectVersion = 46;
	objects = {

/* Begin PBXBuildFile section */
		A2F0CB0119E56BC30001D25E /* AppDelegate.swift in Sources */ = {isa = PBXBuildFile; fileRef = A2F0CB0019E56BC30001D25E /* AppDelegate.swift */; };
		A2F0CB0319E56BC30001D25E /* ViewController.swift in Sources */ = {isa = PBXBuildFile; fileRef = A2F0CB0219E56BC30001D25E /* ViewController.swift */; };
		A2F0CB0619E56BC30001D25E /* Main.storyboard in Resources */ = {isa = PBXBuildFile; fileRef = A2F0CB0419E56BC30001D25E /* Main.storyboard */; };
		A2F0CB0819E56BC30001D25E /* Images.xcassets in Resources */ = {isa = PBXBuildFile; fileRef = A2F0CB0719E56BC30001D25E /* Images.xcassets */; };
		A2F0CB0B19E56BC30001D25E /* LaunchScreen.xib in Resources */ = {isa = PBXBuildFile; fileRef = A2F0CB0919E56BC30001D25E /* LaunchScreen.xib */; };
		A2F0CB1719E56BC40001D25E /* StormyTests.swift in Sources */ = {isa = PBXBuildFile; fileRef = A2F0CB1619E56BC40001D25E /* StormyTests.swift */; };
		A2F0CB2119E606150001D25E /* Current.swift in Sources */ = {isa = PBXBuildFile; fileRef = A2F0CB2019E606150001D25E /* Current.swift */; };
/* End PBXBuildFile section */

/* Begin PBXContainerItemProxy section */
		A2F0CB1119E56BC40001D25E /* PBXContainerItemProxy */ = {
			isa = PBXContainerItemProxy;
			containerPortal = A2F0CAF319E56BC30001D25E /* Project object */;
			proxyType = 1;
			remoteGlobalIDString = A2F0CAFA19E56BC30001D25E;
			remoteInfo = Stormy;
		};
/* End PBXContainerItemProxy section */

/* Begin PBXFileReference section */
		A2F0CAFB19E56BC30001D25E /* Stormy.app */ = {isa = PBXFileReference; explicitFileType = wrapper.application; includeInIndex = 0; path = Stormy.app; sourceTree = BUILT_PRODUCTS_DIR; };
		A2F0CAFF19E56BC30001D25E /* Info.plist */ = {isa = PBXFileReference; lastKnownFileType = text.plist.xml; path = Info.plist; sourceTree = "<group>"; };
		A2F0CB0019E56BC30001D25E /* AppDelegate.swift */ = {isa = PBXFileReference; lastKnownFileType = sourcecode.swift; path = AppDelegate.swift; sourceTree = "<group>"; };
		A2F0CB0219E56BC30001D25E /* ViewController.swift */ = {isa = PBXFileReference; lastKnownFileType = sourcecode.swift; path = ViewController.swift; sourceTree = "<group>"; };
		A2F0CB0519E56BC30001D25E /* Base */ = {isa = PBXFileReference; lastKnownFileType = file.storyboard; name = Base; path = Base.lproj/Main.storyboard; sourceTree = "<group>"; };
		A2F0CB0719E56BC30001D25E /* Images.xcassets */ = {isa = PBXFileReference; lastKnownFileType = folder.assetcatalog; path = Images.xcassets; sourceTree = "<group>"; };
		A2F0CB0A19E56BC30001D25E /* Base */ = {isa = PBXFileReference; lastKnownFileType = file.xib; name = Base; path = Base.lproj/LaunchScreen.xib; sourceTree = "<group>"; };
		A2F0CB1019E56BC40001D25E /* StormyTests.xctest */ = {isa = PBXFileReference; explicitFileType = wrapper.cfbundle; includeInIndex = 0; path = StormyTests.xctest; sourceTree = BUILT_PRODUCTS_DIR; };
		A2F0CB1519E56BC40001D25E /* Info.plist */ = {isa = PBXFileReference; lastKnownFileType = text.plist.xml; path = Info.plist; sourceTree = "<group>"; };
		A2F0CB1619E56BC40001D25E /* StormyTests.swift */ = {isa = PBXFileReference; lastKnownFileType = sourcecode.swift; path = StormyTests.swift; sourceTree = "<group>"; };
		A2F0CB2019E606150001D25E /* Current.swift */ = {isa = PBXFileReference; fileEncoding = 4; lastKnownFileType = sourcecode.swift; path = Current.swift; sourceTree = "<group>"; };
/* End PBXFileReference section */

/* Begin PBXFrameworksBuildPhase section */
		A2F0CAF819E56BC30001D25E /* Frameworks */ = {
			isa = PBXFrameworksBuildPhase;
			buildActionMask = 2147483647;
			files = (
			);
			runOnlyForDeploymentPostprocessing = 0;
		};
		A2F0CB0D19E56BC40001D25E /* Frameworks */ = {
			isa = PBXFrameworksBuildPhase;
			buildActionMask = 2147483647;
			files = (
			);
			runOnlyForDeploymentPostprocessing = 0;
		};
/* End PBXFrameworksBuildPhase section */

/* Begin PBXGroup section */
		A2F0CAF219E56BC30001D25E = {
			isa = PBXGroup;
			children = (
				A2F0CAFD19E56BC30001D25E /* Stormy */,
				A2F0CB1319E56BC40001D25E /* StormyTests */,
				A2F0CAFC19E56BC30001D25E /* Products */,
			);
			sourceTree = "<group>";
		};
		A2F0CAFC19E56BC30001D25E /* Products */ = {
			isa = PBXGroup;
			children = (
				A2F0CAFB19E56BC30001D25E /* Stormy.app */,
				A2F0CB1019E56BC40001D25E /* StormyTests.xctest */,
			);
			name = Products;
			sourceTree = "<group>";
		};
		A2F0CAFD19E56BC30001D25E /* Stormy */ = {
			isa = PBXGroup;
			children = (
				A2F0CB0019E56BC30001D25E /* AppDelegate.swift */,
				A2F0CB0219E56BC30001D25E /* ViewController.swift */,
				A2F0CB2019E606150001D25E /* Current.swift */,
				A2F0CB0419E56BC30001D25E /* Main.storyboard */,
				A2F0CB0719E56BC30001D25E /* Images.xcassets */,
				A2F0CB0919E56BC30001D25E /* LaunchScreen.xib */,
				A2F0CAFE19E56BC30001D25E /* Supporting Files */,
			);
			path = Stormy;
			sourceTree = "<group>";
		};
		A2F0CAFE19E56BC30001D25E /* Supporting Files */ = {
			isa = PBXGroup;
			children = (
				A2F0CAFF19E56BC30001D25E /* Info.plist */,
			);
			name = "Supporting Files";
			sourceTree = "<group>";
		};
		A2F0CB1319E56BC40001D25E /* StormyTests */ = {
			isa = PBXGroup;
			children = (
				A2F0CB1619E56BC40001D25E /* StormyTests.swift */,
				A2F0CB1419E56BC40001D25E /* Supporting Files */,
			);
			path = StormyTests;
			sourceTree = "<group>";
		};
		A2F0CB1419E56BC40001D25E /* Supporting Files */ = {
			isa = PBXGroup;
			children = (
				A2F0CB1519E56BC40001D25E /* Info.plist */,
			);
			name = "Supporting Files";
			sourceTree = "<group>";
		};
/* End PBXGroup section */

/* Begin PBXNativeTarget section */
		A2F0CAFA19E56BC30001D25E /* Stormy */ = {
			isa = PBXNativeTarget;
			buildConfigurationList = A2F0CB1A19E56BC40001D25E /* Build configuration list for PBXNativeTarget "Stormy" */;
			buildPhases = (
				A2F0CAF719E56BC30001D25E /* Sources */,
				A2F0CAF819E56BC30001D25E /* Frameworks */,
				A2F0CAF919E56BC30001D25E /* Resources */,
			);
			buildRules = (
			);
			dependencies = (
			);
			name = Stormy;
			productName = Stormy;
			productReference = A2F0CAFB19E56BC30001D25E /* Stormy.app */;
			productType = "com.apple.product-type.application";
		};
		A2F0CB0F19E56BC40001D25E /* StormyTests */ = {
			isa = PBXNativeTarget;
			buildConfigurationList = A2F0CB1D19E56BC40001D25E /* Build configuration list for PBXNativeTarget "StormyTests" */;
			buildPhases = (
				A2F0CB0C19E56BC40001D25E /* Sources */,
				A2F0CB0D19E56BC40001D25E /* Frameworks */,
				A2F0CB0E19E56BC40001D25E /* Resources */,
			);
			buildRules = (
			);
			dependencies = (
				A2F0CB1219E56BC40001D25E /* PBXTargetDependency */,
			);
			name = StormyTests;
			productName = StormyTests;
			productReference = A2F0CB1019E56BC40001D25E /* StormyTests.xctest */;
			productType = "com.apple.product-type.bundle.unit-test";
		};
/* End PBXNativeTarget section */

/* Begin PBXProject section */
		A2F0CAF319E56BC30001D25E /* Project object */ = {
			isa = PBXProject;
			attributes = {
				LastUpgradeCheck = 0600;
				ORGANIZATIONNAME = "O8 Labs";
				TargetAttributes = {
					A2F0CAFA19E56BC30001D25E = {
						CreatedOnToolsVersion = 6.0;
					};
					A2F0CB0F19E56BC40001D25E = {
						CreatedOnToolsVersion = 6.0;
						TestTargetID = A2F0CAFA19E56BC30001D25E;
					};
				};
			};
			buildConfigurationList = A2F0CAF619E56BC30001D25E /* Build configuration list for PBXProject "Stormy" */;
			compatibilityVersion = "Xcode 3.2";
			developmentRegion = English;
			hasScannedForEncodings = 0;
			knownRegions = (
				en,
				Base,
			);
			mainGroup = A2F0CAF219E56BC30001D25E;
			productRefGroup = A2F0CAFC19E56BC30001D25E /* Products */;
			projectDirPath = "";
			projectRoot = "";
			targets = (
				A2F0CAFA19E56BC30001D25E /* Stormy */,
				A2F0CB0F19E56BC40001D25E /* StormyTests */,
			);
		};
/* End PBXProject section */

/* Begin PBXResourcesBuildPhase section */
		A2F0CAF919E56BC30001D25E /* Resources */ = {
			isa = PBXResourcesBuildPhase;
			buildActionMask = 2147483647;
			files = (
				A2F0CB0619E56BC30001D25E /* Main.storyboard in Resources */,
				A2F0CB0B19E56BC30001D25E /* LaunchScreen.xib in Resources */,
				A2F0CB0819E56BC30001D25E /* Images.xcassets in Resources */,
			);
			runOnlyForDeploymentPostprocessing = 0;
		};
		A2F0CB0E19E56BC40001D25E /* Resources */ = {
			isa = PBXResourcesBuildPhase;
			buildActionMask = 2147483647;
			files = (
			);
			runOnlyForDeploymentPostprocessing = 0;
		};
/* End PBXResourcesBuildPhase section */

/* Begin PBXSourcesBuildPhase section */
		A2F0CAF719E56BC30001D25E /* Sources */ = {
			isa = PBXSourcesBuildPhase;
			buildActionMask = 2147483647;
			files = (
				A2F0CB2119E606150001D25E /* Current.swift in Sources */,
				A2F0CB0319E56BC30001D25E /* ViewController.swift in Sources */,
				A2F0CB0119E56BC30001D25E /* AppDelegate.swift in Sources */,
			);
			runOnlyForDeploymentPostprocessing = 0;
		};
		A2F0CB0C19E56BC40001D25E /* Sources */ = {
			isa = PBXSourcesBuildPhase;
			buildActionMask = 2147483647;
			files = (
				A2F0CB1719E56BC40001D25E /* StormyTests.swift in Sources */,
			);
			runOnlyForDeploymentPostprocessing = 0;
		};
/* End PBXSourcesBuildPhase section */

/* Begin PBXTargetDependency section */
		A2F0CB1219E56BC40001D25E /* PBXTargetDependency */ = {
			isa = PBXTargetDependency;
			target = A2F0CAFA19E56BC30001D25E /* Stormy */;
			targetProxy = A2F0CB1119E56BC40001D25E /* PBXContainerItemProxy */;
		};
/* End PBXTargetDependency section */

/* Begin PBXVariantGroup section */
		A2F0CB0419E56BC30001D25E /* Main.storyboard */ = {
			isa = PBXVariantGroup;
			children = (
				A2F0CB0519E56BC30001D25E /* Base */,
			);
			name = Main.storyboard;
			sourceTree = "<group>";
		};
		A2F0CB0919E56BC30001D25E /* LaunchScreen.xib */ = {
			isa = PBXVariantGroup;
			children = (
				A2F0CB0A19E56BC30001D25E /* Base */,
			);
			name = LaunchScreen.xib;
			sourceTree = "<group>";
		};
/* End PBXVariantGroup section */

/* Begin XCBuildConfiguration section */
		A2F0CB1819E56BC40001D25E /* Debug */ = {
			isa = XCBuildConfiguration;
			buildSettings = {
				ALWAYS_SEARCH_USER_PATHS = NO;
				CLANG_CXX_LANGUAGE_STANDARD = "gnu++0x";
				CLANG_CXX_LIBRARY = "libc++";
				CLANG_ENABLE_MODULES = YES;
				CLANG_ENABLE_OBJC_ARC = YES;
				CLANG_WARN_BOOL_CONVERSION = YES;
				CLANG_WARN_CONSTANT_CONVERSION = YES;
				CLANG_WARN_DIRECT_OBJC_ISA_USAGE = YES_ERROR;
				CLANG_WARN_EMPTY_BODY = YES;
				CLANG_WARN_ENUM_CONVERSION = YES;
				CLANG_WARN_INT_CONVERSION = YES;
				CLANG_WARN_OBJC_ROOT_CLASS = YES_ERROR;
				CLANG_WARN_UNREACHABLE_CODE = YES;
				CLANG_WARN__DUPLICATE_METHOD_MATCH = YES;
				"CODE_SIGN_IDENTITY[sdk=iphoneos*]" = "iPhone Developer";
				COPY_PHASE_STRIP = NO;
				ENABLE_STRICT_OBJC_MSGSEND = YES;
				GCC_C_LANGUAGE_STANDARD = gnu99;
				GCC_DYNAMIC_NO_PIC = NO;
				GCC_OPTIMIZATION_LEVEL = 0;
				GCC_PREPROCESSOR_DEFINITIONS = (
					"DEBUG=1",
					"$(inherited)",
				);
				GCC_SYMBOLS_PRIVATE_EXTERN = NO;
				GCC_WARN_64_TO_32_BIT_CONVERSION = YES;
				GCC_WARN_ABOUT_RETURN_TYPE = YES_ERROR;
				GCC_WARN_UNDECLARED_SELECTOR = YES;
				GCC_WARN_UNINITIALIZED_AUTOS = YES_AGGRESSIVE;
				GCC_WARN_UNUSED_FUNCTION = YES;
				GCC_WARN_UNUSED_VARIABLE = YES;
				IPHONEOS_DEPLOYMENT_TARGET = 8.0;
				MTL_ENABLE_DEBUG_INFO = YES;
				ONLY_ACTIVE_ARCH = YES;
				SDKROOT = iphoneos;
				SWIFT_OPTIMIZATION_LEVEL = "-Onone";
			};
			name = Debug;
		};
		A2F0CB1919E56BC40001D25E /* Release */ = {
			isa = XCBuildConfiguration;
			buildSettings = {
				ALWAYS_SEARCH_USER_PATHS = NO;
				CLANG_CXX_LANGUAGE_STANDARD = "gnu++0x";
				CLANG_CXX_LIBRARY = "libc++";
				CLANG_ENABLE_MODULES = YES;
				CLANG_ENABLE_OBJC_ARC = YES;
				CLANG_WARN_BOOL_CONVERSION = YES;
				CLANG_WARN_CONSTANT_CONVERSION = YES;
				CLANG_WARN_DIRECT_OBJC_ISA_USAGE = YES_ERROR;
				CLANG_WARN_EMPTY_BODY = YES;
				CLANG_WARN_ENUM_CONVERSION = YES;
				CLANG_WARN_INT_CONVERSION = YES;
				CLANG_WARN_OBJC_ROOT_CLASS = YES_ERROR;
				CLANG_WARN_UNREACHABLE_CODE = YES;
				CLANG_WARN__DUPLICATE_METHOD_MATCH = YES;
				"CODE_SIGN_IDENTITY[sdk=iphoneos*]" = "iPhone Developer";
				COPY_PHASE_STRIP = YES;
				ENABLE_NS_ASSERTIONS = NO;
				ENABLE_STRICT_OBJC_MSGSEND = YES;
				GCC_C_LANGUAGE_STANDARD = gnu99;
				GCC_WARN_64_TO_32_BIT_CONVERSION = YES;
				GCC_WARN_ABOUT_RETURN_TYPE = YES_ERROR;
				GCC_WARN_UNDECLARED_SELECTOR = YES;
				GCC_WARN_UNINITIALIZED_AUTOS = YES_AGGRESSIVE;
				GCC_WARN_UNUSED_FUNCTION = YES;
				GCC_WARN_UNUSED_VARIABLE = YES;
				IPHONEOS_DEPLOYMENT_TARGET = 8.0;
				MTL_ENABLE_DEBUG_INFO = NO;
				SDKROOT = iphoneos;
				VALIDATE_PRODUCT = YES;
			};
			name = Release;
		};
		A2F0CB1B19E56BC40001D25E /* Debug */ = {
			isa = XCBuildConfiguration;
			buildSettings = {
				ASSETCATALOG_COMPILER_APPICON_NAME = AppIcon;
				INFOPLIST_FILE = Stormy/Info.plist;
				LD_RUNPATH_SEARCH_PATHS = "$(inherited) @executable_path/Frameworks";
				PRODUCT_NAME = "$(TARGET_NAME)";
			};
			name = Debug;
		};
		A2F0CB1C19E56BC40001D25E /* Release */ = {
			isa = XCBuildConfiguration;
			buildSettings = {
				ASSETCATALOG_COMPILER_APPICON_NAME = AppIcon;
				INFOPLIST_FILE = Stormy/Info.plist;
				LD_RUNPATH_SEARCH_PATHS = "$(inherited) @executable_path/Frameworks";
				PRODUCT_NAME = "$(TARGET_NAME)";
			};
			name = Release;
		};
		A2F0CB1E19E56BC40001D25E /* Debug */ = {
			isa = XCBuildConfiguration;
			buildSettings = {
				BUNDLE_LOADER = "$(TEST_HOST)";
				FRAMEWORK_SEARCH_PATHS = (
					"$(SDKROOT)/Developer/Library/Frameworks",
					"$(inherited)",
				);
				GCC_PREPROCESSOR_DEFINITIONS = (
					"DEBUG=1",
					"$(inherited)",
				);
				INFOPLIST_FILE = StormyTests/Info.plist;
				LD_RUNPATH_SEARCH_PATHS = "$(inherited) @executable_path/Frameworks @loader_path/Frameworks";
				PRODUCT_NAME = "$(TARGET_NAME)";
				TEST_HOST = "$(BUILT_PRODUCTS_DIR)/Stormy.app/Stormy";
			};
			name = Debug;
		};
		A2F0CB1F19E56BC40001D25E /* Release */ = {
			isa = XCBuildConfiguration;
			buildSettings = {
				BUNDLE_LOADER = "$(TEST_HOST)";
				FRAMEWORK_SEARCH_PATHS = (
					"$(SDKROOT)/Developer/Library/Frameworks",
					"$(inherited)",
				);
				INFOPLIST_FILE = StormyTests/Info.plist;
				LD_RUNPATH_SEARCH_PATHS = "$(inherited) @executable_path/Frameworks @loader_path/Frameworks";
				PRODUCT_NAME = "$(TARGET_NAME)";
				TEST_HOST = "$(BUILT_PRODUCTS_DIR)/Stormy.app/Stormy";
			};
			name = Release;
		};
/* End XCBuildConfiguration section */

/* Begin XCConfigurationList section */
		A2F0CAF619E56BC30001D25E /* Build configuration list for PBXProject "Stormy" */ = {
			isa = XCConfigurationList;
			buildConfigurations = (
				A2F0CB1819E56BC40001D25E /* Debug */,
				A2F0CB1919E56BC40001D25E /* Release */,
			);
			defaultConfigurationIsVisible = 0;
			defaultConfigurationName = Release;
		};
		A2F0CB1A19E56BC40001D25E /* Build configuration list for PBXNativeTarget "Stormy" */ = {
			isa = XCConfigurationList;
			buildConfigurations = (
				A2F0CB1B19E56BC40001D25E /* Debug */,
				A2F0CB1C19E56BC40001D25E /* Release */,
			);
			defaultConfigurationIsVisible = 0;
			defaultConfigurationName = Release;
		};
		A2F0CB1D19E56BC40001D25E /* Build configuration list for PBXNativeTarget "StormyTests" */ = {
			isa = XCConfigurationList;
			buildConfigurations = (
				A2F0CB1E19E56BC40001D25E /* Debug */,
				A2F0CB1F19E56BC40001D25E /* Release */,
			);
			defaultConfigurationIsVisible = 0;
			defaultConfigurationName = Release;
		};
/* End XCConfigurationList section */
	};
	rootObject = A2F0CAF319E56BC30001D25E /* Project object */;
}
